
Microsoft Visual Studio Solution File, Format Version 12.00
# Visual Studio Version 16
VisualStudioVersion = 16.0.29905.134
MinimumVisualStudioVersion = 10.0.40219.1
Project("{8BC9CEB8-8B4A-11D0-8D11-00A0C91BC942}") = "Platform.Hashing.TemplateLibrary", "cpp\Platform.Hashing\Platform.Hashing.TemplateLibrary.vcxproj", "{236C3E9B-C2C3-49E9-8547-0709DEC0DBC7}"
EndProject
Project("{8BC9CEB8-8B4A-11D0-8D11-00A0C91BC942}") = "Platform.Hashing.TemplateLibrary.Tests", "cpp\Platform.Hashing.Tests\Platform.Hashing.TemplateLibrary.Tests.vcxproj", "{EA06752B-7BB6-4D7B-B59E-9DD0B3DB4197}"
EndProject
Global
	GlobalSection(SolutionConfigurationPlatforms) = preSolution
		Debug|x64 = Debug|x64
		Debug|x86 = Debug|x86
		Release|x64 = Release|x64
		Release|x86 = Release|x86
	EndGlobalSection
	GlobalSection(ProjectConfigurationPlatforms) = postSolution
		{236C3E9B-C2C3-49E9-8547-0709DEC0DBC7}.Debug|x64.ActiveCfg = Debug|x64
		{236C3E9B-C2C3-49E9-8547-0709DEC0DBC7}.Debug|x64.Build.0 = Debug|x64
		{236C3E9B-C2C3-49E9-8547-0709DEC0DBC7}.Debug|x86.ActiveCfg = Debug|Win32
		{236C3E9B-C2C3-49E9-8547-0709DEC0DBC7}.Debug|x86.Build.0 = Debug|Win32
		{236C3E9B-C2C3-49E9-8547-0709DEC0DBC7}.Release|x64.ActiveCfg = Release|x64
		{236C3E9B-C2C3-49E9-8547-0709DEC0DBC7}.Release|x64.Build.0 = Release|x64
		{236C3E9B-C2C3-49E9-8547-0709DEC0DBC7}.Release|x86.ActiveCfg = Release|Win32
		{236C3E9B-C2C3-49E9-8547-0709DEC0DBC7}.Release|x86.Build.0 = Release|Win32
		{EA06752B-7BB6-4D7B-B59E-9DD0B3DB4197}.Debug|x64.ActiveCfg = Debug|x64
		{EA06752B-7BB6-4D7B-B59E-9DD0B3DB4197}.Debug|x64.Build.0 = Debug|x64
		{EA06752B-7BB6-4D7B-B59E-9DD0B3DB4197}.Debug|x86.ActiveCfg = Debug|Win32
		{EA06752B-7BB6-4D7B-B59E-9DD0B3DB4197}.Debug|x86.Build.0 = Debug|Win32
		{EA06752B-7BB6-4D7B-B59E-9DD0B3DB4197}.Release|x64.ActiveCfg = Release|x64
		{EA06752B-7BB6-4D7B-B59E-9DD0B3DB4197}.Release|x64.Build.0 = Release|x64
		{EA06752B-7BB6-4D7B-B59E-9DD0B3DB4197}.Release|x86.ActiveCfg = Release|Win32
		{EA06752B-7BB6-4D7B-B59E-9DD0B3DB4197}.Release|x86.Build.0 = Release|Win32
	EndGlobalSection
	GlobalSection(SolutionProperties) = preSolution
		HideSolutionNode = FALSE
	EndGlobalSection
	GlobalSection(ExtensibilityGlobals) = postSolution
		SolutionGuid = {9D8ADA8C-20B3-499B-9B82-1AD926F6B725}
	EndGlobalSection
EndGlobal
